{
	"name": "frontend",
	"version": "0.0.0",
	"lockfileVersion": 3,
	"requires": true,
	"packages": {
		"": {
			"name": "frontend",
			"version": "0.0.0",
			"dependencies": {
				"@codemirror/lang-json": "^6.0.1",
				"@fontsource-variable/inter": "^5.0.18",
				"@radix-ui/react-icons": "^1.3.0",
				"@replit/codemirror-vim": "^6.2.1",
				"@uiw/codemirror-theme-aura": "^4.22.2",
				"@uiw/codemirror-theme-darcula": "^4.22.2",
				"@uiw/codemirror-theme-github": "^4.22.2",
				"@uiw/react-codemirror": "^4.22.2",
				"axios": "^1.7.4",
				"dayjs": "^1.11.10",
				"react": "^18.2.0",
				"react-dom": "^18.2.0",
				"react-hot-toast": "^2.4.0",
				"react-qr-code": "^2.0.11",
				"react-router-dom": "^6.4.5",
				"react-spinners": "^0.13.7",
				"uuid": "^9.0.0"
			},
			"devDependencies": {
				"@types/react": "^18.0.17",
				"@types/react-dom": "^18.0.6",
				"@vitejs/plugin-react": "^2.0.1",
				"sass": "^1.63.6",
				"vite": "^3.2.10"
			}
		},
		"node_modules/@ampproject/remapping": {
			"version": "2.2.1",
			"dev": true,
			"license": "Apache-2.0",
			"dependencies": {
				"@jridgewell/gen-mapping": "^0.3.0",
				"@jridgewell/trace-mapping": "^0.3.9"
			},
			"engines": {
				"node": ">=6.0.0"
			}
		},
		"node_modules/@babel/code-frame": {
			"version": "7.22.13",
			"dev": true,
			"license": "MIT",
			"dependencies": {
				"@babel/highlight": "^7.22.13",
				"chalk": "^2.4.2"
			},
			"engines": {
				"node": ">=6.9.0"
			}
		},
		"node_modules/@babel/compat-data": {
			"version": "7.22.6",
			"dev": true,
			"license": "MIT",
			"engines": {
				"node": ">=6.9.0"
			}
		},
		"node_modules/@babel/core": {
			"version": "7.22.8",
			"dev": true,
			"license": "MIT",
			"dependencies": {
				"@ampproject/remapping": "^2.2.0",
				"@babel/code-frame": "^7.22.5",
				"@babel/generator": "^7.22.7",
				"@babel/helper-compilation-targets": "^7.22.6",
				"@babel/helper-module-transforms": "^7.22.5",
				"@babel/helpers": "^7.22.6",
				"@babel/parser": "^7.22.7",
				"@babel/template": "^7.22.5",
				"@babel/traverse": "^7.22.8",
				"@babel/types": "^7.22.5",
				"@nicolo-ribaudo/semver-v6": "^6.3.3",
				"convert-source-map": "^1.7.0",
				"debug": "^4.1.0",
				"gensync": "^1.0.0-beta.2",
				"json5": "^2.2.2"
			},
			"engines": {
				"node": ">=6.9.0"
			},
			"funding": {
				"type": "opencollective",
				"url": "https://opencollective.com/babel"
			}
		},
		"node_modules/@babel/generator": {
			"version": "7.23.0",
			"dev": true,
			"license": "MIT",
			"dependencies": {
				"@babel/types": "^7.23.0",
				"@jridgewell/gen-mapping": "^0.3.2",
				"@jridgewell/trace-mapping": "^0.3.17",
				"jsesc": "^2.5.1"
			},
			"engines": {
				"node": ">=6.9.0"
			}
		},
		"node_modules/@babel/helper-annotate-as-pure": {
			"version": "7.22.5",
			"dev": true,
			"license": "MIT",
			"dependencies": {
				"@babel/types": "^7.22.5"
			},
			"engines": {
				"node": ">=6.9.0"
			}
		},
		"node_modules/@babel/helper-compilation-targets": {
			"version": "7.22.6",
			"dev": true,
			"license": "MIT",
			"dependencies": {
				"@babel/compat-data": "^7.22.6",
				"@babel/helper-validator-option": "^7.22.5",
				"@nicolo-ribaudo/semver-v6": "^6.3.3",
				"browserslist": "^4.21.9",
				"lru-cache": "^5.1.1"
			},
			"engines": {
				"node": ">=6.9.0"
			},
			"peerDependencies": {
				"@babel/core": "^7.0.0"
			}
		},
		"node_modules/@babel/helper-environment-visitor": {
			"version": "7.22.20",
			"dev": true,
			"license": "MIT",
			"engines": {
				"node": ">=6.9.0"
			}
		},
		"node_modules/@babel/helper-function-name": {
			"version": "7.23.0",
			"dev": true,
			"license": "MIT",
			"dependencies": {
				"@babel/template": "^7.22.15",
				"@babel/types": "^7.23.0"
			},
			"engines": {
				"node": ">=6.9.0"
			}
		},
		"node_modules/@babel/helper-hoist-variables": {
			"version": "7.22.5",
			"dev": true,
			"license": "MIT",
			"dependencies": {
				"@babel/types": "^7.22.5"
			},
			"engines": {
				"node": ">=6.9.0"
			}
		},
		"node_modules/@babel/helper-module-imports": {
			"version": "7.22.5",
			"dev": true,
			"license": "MIT",
			"dependencies": {
				"@babel/types": "^7.22.5"
			},
			"engines": {
				"node": ">=6.9.0"
			}
		},
		"node_modules/@babel/helper-module-transforms": {
			"version": "7.22.5",
			"dev": true,
			"license": "MIT",
			"dependencies": {
				"@babel/helper-environment-visitor": "^7.22.5",
				"@babel/helper-module-imports": "^7.22.5",
				"@babel/helper-simple-access": "^7.22.5",
				"@babel/helper-split-export-declaration": "^7.22.5",
				"@babel/helper-validator-identifier": "^7.22.5",
				"@babel/template": "^7.22.5",
				"@babel/traverse": "^7.22.5",
				"@babel/types": "^7.22.5"
			},
			"engines": {
				"node": ">=6.9.0"
			}
		},
		"node_modules/@babel/helper-plugin-utils": {
			"version": "7.22.5",
			"dev": true,
			"license": "MIT",
			"engines": {
				"node": ">=6.9.0"
			}
		},
		"node_modules/@babel/helper-simple-access": {
			"version": "7.22.5",
			"dev": true,
			"license": "MIT",
			"dependencies": {
				"@babel/types": "^7.22.5"
			},
			"engines": {
				"node": ">=6.9.0"
			}
		},
		"node_modules/@babel/helper-split-export-declaration": {
			"version": "7.22.6",
			"dev": true,
			"license": "MIT",
			"dependencies": {
				"@babel/types": "^7.22.5"
			},
			"engines": {
				"node": ">=6.9.0"
			}
		},
		"node_modules/@babel/helper-string-parser": {
			"version": "7.22.5",
			"dev": true,
			"license": "MIT",
			"engines": {
				"node": ">=6.9.0"
			}
		},
		"node_modules/@babel/helper-validator-identifier": {
			"version": "7.22.20",
			"dev": true,
			"license": "MIT",
			"engines": {
				"node": ">=6.9.0"
			}
		},
		"node_modules/@babel/helper-validator-option": {
			"version": "7.22.5",
			"dev": true,
			"license": "MIT",
			"engines": {
				"node": ">=6.9.0"
			}
		},
		"node_modules/@babel/helpers": {
			"version": "7.22.6",
			"dev": true,
			"license": "MIT",
			"dependencies": {
				"@babel/template": "^7.22.5",
				"@babel/traverse": "^7.22.6",
				"@babel/types": "^7.22.5"
			},
			"engines": {
				"node": ">=6.9.0"
			}
		},
		"node_modules/@babel/highlight": {
			"version": "7.22.20",
			"dev": true,
			"license": "MIT",
			"dependencies": {
				"@babel/helper-validator-identifier": "^7.22.20",
				"chalk": "^2.4.2",
				"js-tokens": "^4.0.0"
			},
			"engines": {
				"node": ">=6.9.0"
			}
		},
		"node_modules/@babel/parser": {
			"version": "7.23.0",
			"dev": true,
			"license": "MIT",
			"bin": {
				"parser": "bin/babel-parser.js"
			},
			"engines": {
				"node": ">=6.0.0"
			}
		},
		"node_modules/@babel/plugin-syntax-jsx": {
			"version": "7.22.5",
			"dev": true,
			"license": "MIT",
			"dependencies": {
				"@babel/helper-plugin-utils": "^7.22.5"
			},
			"engines": {
				"node": ">=6.9.0"
			},
			"peerDependencies": {
				"@babel/core": "^7.0.0-0"
			}
		},
		"node_modules/@babel/plugin-transform-react-jsx": {
			"version": "7.22.5",
			"dev": true,
			"license": "MIT",
			"dependencies": {
				"@babel/helper-annotate-as-pure": "^7.22.5",
				"@babel/helper-module-imports": "^7.22.5",
				"@babel/helper-plugin-utils": "^7.22.5",
				"@babel/plugin-syntax-jsx": "^7.22.5",
				"@babel/types": "^7.22.5"
			},
			"engines": {
				"node": ">=6.9.0"
			},
			"peerDependencies": {
				"@babel/core": "^7.0.0-0"
			}
		},
		"node_modules/@babel/plugin-transform-react-jsx-development": {
			"version": "7.22.5",
			"dev": true,
			"license": "MIT",
			"dependencies": {
				"@babel/plugin-transform-react-jsx": "^7.22.5"
			},
			"engines": {
				"node": ">=6.9.0"
			},
			"peerDependencies": {
				"@babel/core": "^7.0.0-0"
			}
		},
		"node_modules/@babel/plugin-transform-react-jsx-self": {
			"version": "7.22.5",
			"dev": true,
			"license": "MIT",
			"dependencies": {
				"@babel/helper-plugin-utils": "^7.22.5"
			},
			"engines": {
				"node": ">=6.9.0"
			},
			"peerDependencies": {
				"@babel/core": "^7.0.0-0"
			}
		},
		"node_modules/@babel/plugin-transform-react-jsx-source": {
			"version": "7.22.5",
			"dev": true,
			"license": "MIT",
			"dependencies": {
				"@babel/helper-plugin-utils": "^7.22.5"
			},
			"engines": {
				"node": ">=6.9.0"
			},
			"peerDependencies": {
				"@babel/core": "^7.0.0-0"
			}
		},
		"node_modules/@babel/runtime": {
			"version": "7.24.7",
			"resolved": "https://registry.npmjs.org/@babel/runtime/-/runtime-7.24.7.tgz",
			"integrity": "sha512-UwgBRMjJP+xv857DCngvqXI3Iq6J4v0wXmwc6sapg+zyhbwmQX67LUEFrkK5tbyJ30jGuG3ZvWpBiB9LCy1kWw==",
			"dependencies": {
				"regenerator-runtime": "^0.14.0"
			},
			"engines": {
				"node": ">=6.9.0"
			}
		},
		"node_modules/@babel/template": {
			"version": "7.22.15",
			"dev": true,
			"license": "MIT",
			"dependencies": {
				"@babel/code-frame": "^7.22.13",
				"@babel/parser": "^7.22.15",
				"@babel/types": "^7.22.15"
			},
			"engines": {
				"node": ">=6.9.0"
			}
		},
		"node_modules/@babel/traverse": {
			"version": "7.23.2",
			"dev": true,
			"license": "MIT",
			"dependencies": {
				"@babel/code-frame": "^7.22.13",
				"@babel/generator": "^7.23.0",
				"@babel/helper-environment-visitor": "^7.22.20",
				"@babel/helper-function-name": "^7.23.0",
				"@babel/helper-hoist-variables": "^7.22.5",
				"@babel/helper-split-export-declaration": "^7.22.6",
				"@babel/parser": "^7.23.0",
				"@babel/types": "^7.23.0",
				"debug": "^4.1.0",
				"globals": "^11.1.0"
			},
			"engines": {
				"node": ">=6.9.0"
			}
		},
		"node_modules/@babel/types": {
			"version": "7.23.0",
			"dev": true,
			"license": "MIT",
			"dependencies": {
				"@babel/helper-string-parser": "^7.22.5",
				"@babel/helper-validator-identifier": "^7.22.20",
				"to-fast-properties": "^2.0.0"
			},
			"engines": {
				"node": ">=6.9.0"
			}
		},
		"node_modules/@codemirror/autocomplete": {
			"version": "6.16.2",
			"resolved": "https://registry.npmjs.org/@codemirror/autocomplete/-/autocomplete-6.16.2.tgz",
			"integrity": "sha512-MjfDrHy0gHKlPWsvSsikhO1+BOh+eBHNgfH1OXs1+DAf30IonQldgMM3kxLDTG9ktE7kDLaA1j/l7KMPA4KNfw==",
			"dependencies": {
				"@codemirror/language": "^6.0.0",
				"@codemirror/state": "^6.0.0",
				"@codemirror/view": "^6.17.0",
				"@lezer/common": "^1.0.0"
			},
			"peerDependencies": {
				"@codemirror/language": "^6.0.0",
				"@codemirror/state": "^6.0.0",
				"@codemirror/view": "^6.0.0",
				"@lezer/common": "^1.0.0"
			}
		},
		"node_modules/@codemirror/commands": {
			"version": "6.6.0",
			"resolved": "https://registry.npmjs.org/@codemirror/commands/-/commands-6.6.0.tgz",
			"integrity": "sha512-qnY+b7j1UNcTS31Eenuc/5YJB6gQOzkUoNmJQc0rznwqSRpeaWWpjkWy2C/MPTcePpsKJEM26hXrOXl1+nceXg==",
			"dependencies": {
				"@codemirror/language": "^6.0.0",
				"@codemirror/state": "^6.4.0",
				"@codemirror/view": "^6.27.0",
				"@lezer/common": "^1.1.0"
			}
		},
		"node_modules/@codemirror/lang-json": {
			"version": "6.0.1",
			"resolved": "https://registry.npmjs.org/@codemirror/lang-json/-/lang-json-6.0.1.tgz",
			"integrity": "sha512-+T1flHdgpqDDlJZ2Lkil/rLiRy684WMLc74xUnjJH48GQdfJo/pudlTRreZmKwzP8/tGdKf83wlbAdOCzlJOGQ==",
			"dependencies": {
				"@codemirror/language": "^6.0.0",
				"@lezer/json": "^1.0.0"
			}
		},
		"node_modules/@codemirror/language": {
			"version": "6.10.2",
			"resolved": "https://registry.npmjs.org/@codemirror/language/-/language-6.10.2.tgz",
			"integrity": "sha512-kgbTYTo0Au6dCSc/TFy7fK3fpJmgHDv1sG1KNQKJXVi+xBTEeBPY/M30YXiU6mMXeH+YIDLsbrT4ZwNRdtF+SA==",
			"dependencies": {
				"@codemirror/state": "^6.0.0",
				"@codemirror/view": "^6.23.0",
				"@lezer/common": "^1.1.0",
				"@lezer/highlight": "^1.0.0",
				"@lezer/lr": "^1.0.0",
				"style-mod": "^4.0.0"
			}
		},
		"node_modules/@codemirror/lint": {
			"version": "6.8.0",
			"resolved": "https://registry.npmjs.org/@codemirror/lint/-/lint-6.8.0.tgz",
			"integrity": "sha512-lsFofvaw0lnPRJlQylNsC4IRt/1lI4OD/yYslrSGVndOJfStc58v+8p9dgGiD90ktOfL7OhBWns1ZETYgz0EJA==",
			"dependencies": {
				"@codemirror/state": "^6.0.0",
				"@codemirror/view": "^6.0.0",
				"crelt": "^1.0.5"
			}
		},
		"node_modules/@codemirror/search": {
			"version": "6.5.6",
			"resolved": "https://registry.npmjs.org/@codemirror/search/-/search-6.5.6.tgz",
			"integrity": "sha512-rpMgcsh7o0GuCDUXKPvww+muLA1pDJaFrpq/CCHtpQJYz8xopu4D1hPcKRoDD0YlF8gZaqTNIRa4VRBWyhyy7Q==",
			"dependencies": {
				"@codemirror/state": "^6.0.0",
				"@codemirror/view": "^6.0.0",
				"crelt": "^1.0.5"
			}
		},
		"node_modules/@codemirror/state": {
			"version": "6.4.1",
			"resolved": "https://registry.npmjs.org/@codemirror/state/-/state-6.4.1.tgz",
			"integrity": "sha512-QkEyUiLhsJoZkbumGZlswmAhA7CBU02Wrz7zvH4SrcifbsqwlXShVXg65f3v/ts57W3dqyamEriMhij1Z3Zz4A=="
		},
		"node_modules/@codemirror/theme-one-dark": {
			"version": "6.1.2",
			"resolved": "https://registry.npmjs.org/@codemirror/theme-one-dark/-/theme-one-dark-6.1.2.tgz",
			"integrity": "sha512-F+sH0X16j/qFLMAfbciKTxVOwkdAS336b7AXTKOZhy8BR3eH/RelsnLgLFINrpST63mmN2OuwUt0W2ndUgYwUA==",
			"dependencies": {
				"@codemirror/language": "^6.0.0",
				"@codemirror/state": "^6.0.0",
				"@codemirror/view": "^6.0.0",
				"@lezer/highlight": "^1.0.0"
			}
		},
		"node_modules/@codemirror/view": {
			"version": "6.28.1",
			"resolved": "https://registry.npmjs.org/@codemirror/view/-/view-6.28.1.tgz",
			"integrity": "sha512-BUWr+zCJpMkA/u69HlJmR+YkV4yPpM81HeMkOMZuwFa8iM5uJdEPKAs1icIRZKkKmy0Ub1x9/G3PQLTXdpBxrQ==",
			"dependencies": {
				"@codemirror/state": "^6.4.0",
				"style-mod": "^4.1.0",
				"w3c-keyname": "^2.2.4"
			}
		},
		"node_modules/@fontsource-variable/inter": {
			"version": "5.0.18",
			"resolved": "https://registry.npmjs.org/@fontsource-variable/inter/-/inter-5.0.18.tgz",
			"integrity": "sha512-rJzSrtJ3b7djiGFvRuTe6stDfbYJGhdQSfn2SI2WfXviee7Er0yKAHE5u7FU7OWVQQQ1x3+cxdmx9NdiAkcrcA=="
		},
		"node_modules/@jridgewell/gen-mapping": {
			"version": "0.3.3",
			"dev": true,
			"license": "MIT",
			"dependencies": {
				"@jridgewell/set-array": "^1.0.1",
				"@jridgewell/sourcemap-codec": "^1.4.10",
				"@jridgewell/trace-mapping": "^0.3.9"
			},
			"engines": {
				"node": ">=6.0.0"
			}
		},
		"node_modules/@jridgewell/resolve-uri": {
			"version": "3.1.0",
			"dev": true,
			"license": "MIT",
			"engines": {
				"node": ">=6.0.0"
			}
		},
		"node_modules/@jridgewell/set-array": {
			"version": "1.1.2",
			"dev": true,
			"license": "MIT",
			"engines": {
				"node": ">=6.0.0"
			}
		},
		"node_modules/@jridgewell/sourcemap-codec": {
			"version": "1.4.15",
			"dev": true,
			"license": "MIT"
		},
		"node_modules/@jridgewell/trace-mapping": {
			"version": "0.3.18",
			"dev": true,
			"license": "MIT",
			"dependencies": {
				"@jridgewell/resolve-uri": "3.1.0",
				"@jridgewell/sourcemap-codec": "1.4.14"
			}
		},
		"node_modules/@jridgewell/trace-mapping/node_modules/@jridgewell/sourcemap-codec": {
			"version": "1.4.14",
			"dev": true,
			"license": "MIT"
		},
		"node_modules/@lezer/common": {
			"version": "1.2.1",
			"resolved": "https://registry.npmjs.org/@lezer/common/-/common-1.2.1.tgz",
			"integrity": "sha512-yemX0ZD2xS/73llMZIK6KplkjIjf2EvAHcinDi/TfJ9hS25G0388+ClHt6/3but0oOxinTcQHJLDXh6w1crzFQ=="
		},
		"node_modules/@lezer/highlight": {
			"version": "1.2.0",
			"resolved": "https://registry.npmjs.org/@lezer/highlight/-/highlight-1.2.0.tgz",
			"integrity": "sha512-WrS5Mw51sGrpqjlh3d4/fOwpEV2Hd3YOkp9DBt4k8XZQcoTHZFB7sx030A6OcahF4J1nDQAa3jXlTVVYH50IFA==",
			"dependencies": {
				"@lezer/common": "^1.0.0"
			}
		},
		"node_modules/@lezer/json": {
			"version": "1.0.2",
			"resolved": "https://registry.npmjs.org/@lezer/json/-/json-1.0.2.tgz",
			"integrity": "sha512-xHT2P4S5eeCYECyKNPhr4cbEL9tc8w83SPwRC373o9uEdrvGKTZoJVAGxpOsZckMlEh9W23Pc72ew918RWQOBQ==",
			"dependencies": {
				"@lezer/common": "^1.2.0",
				"@lezer/highlight": "^1.0.0",
				"@lezer/lr": "^1.0.0"
			}
		},
		"node_modules/@lezer/lr": {
			"version": "1.4.1",
			"resolved": "https://registry.npmjs.org/@lezer/lr/-/lr-1.4.1.tgz",
			"integrity": "sha512-CHsKq8DMKBf9b3yXPDIU4DbH+ZJd/sJdYOW2llbW/HudP5u0VS6Bfq1hLYfgU7uAYGFIyGGQIsSOXGPEErZiJw==",
			"dependencies": {
				"@lezer/common": "^1.0.0"
			}
		},
		"node_modules/@nicolo-ribaudo/semver-v6": {
			"version": "6.3.3",
			"dev": true,
			"license": "ISC",
			"bin": {
				"semver": "bin/semver.js"
			}
		},
		"node_modules/@radix-ui/react-icons": {
			"version": "1.3.0",
			"license": "MIT",
			"peerDependencies": {
				"react": "^16.x || ^17.x || ^18.x"
			}
		},
		"node_modules/@remix-run/router": {
			"version": "1.7.1",
			"license": "MIT",
			"engines": {
				"node": ">=14"
			}
		},
		"node_modules/@replit/codemirror-vim": {
			"version": "6.2.1",
			"resolved": "https://registry.npmjs.org/@replit/codemirror-vim/-/codemirror-vim-6.2.1.tgz",
			"integrity": "sha512-qDAcGSHBYU5RrdO//qCmD8K9t6vbP327iCj/iqrkVnjbrpFhrjOt92weGXGHmTNRh16cUtkUZ7Xq7rZf+8HVow==",
			"peerDependencies": {
				"@codemirror/commands": "^6.0.0",
				"@codemirror/language": "^6.1.0",
				"@codemirror/search": "^6.2.0",
				"@codemirror/state": "^6.0.1",
				"@codemirror/view": "^6.0.3"
			}
		},
		"node_modules/@types/prop-types": {
			"version": "15.7.5",
			"dev": true,
			"license": "MIT"
		},
		"node_modules/@types/react": {
			"version": "18.2.14",
			"dev": true,
			"license": "MIT",
			"dependencies": {
				"@types/prop-types": "*",
				"@types/scheduler": "*",
				"csstype": "^3.0.2"
			}
		},
		"node_modules/@types/react-dom": {
			"version": "18.2.6",
			"dev": true,
			"license": "MIT",
			"dependencies": {
				"@types/react": "*"
			}
		},
		"node_modules/@types/scheduler": {
			"version": "0.16.3",
			"dev": true,
			"license": "MIT"
		},
		"node_modules/@uiw/codemirror-extensions-basic-setup": {
			"version": "4.22.2",
			"resolved": "https://registry.npmjs.org/@uiw/codemirror-extensions-basic-setup/-/codemirror-extensions-basic-setup-4.22.2.tgz",
			"integrity": "sha512-zcHGkldLFN3cGoI5XdOGAkeW24yaAgrDEYoyPyWHODmPiNwybQQoZGnH3qUdzZwUaXtAcLWoAeOPzfNRW2yGww==",
			"dependencies": {
				"@codemirror/autocomplete": "^6.0.0",
				"@codemirror/commands": "^6.0.0",
				"@codemirror/language": "^6.0.0",
				"@codemirror/lint": "^6.0.0",
				"@codemirror/search": "^6.0.0",
				"@codemirror/state": "^6.0.0",
				"@codemirror/view": "^6.0.0"
			},
			"funding": {
				"url": "https://jaywcjlove.github.io/#/sponsor"
			},
			"peerDependencies": {
				"@codemirror/autocomplete": ">=6.0.0",
				"@codemirror/commands": ">=6.0.0",
				"@codemirror/language": ">=6.0.0",
				"@codemirror/lint": ">=6.0.0",
				"@codemirror/search": ">=6.0.0",
				"@codemirror/state": ">=6.0.0",
				"@codemirror/view": ">=6.0.0"
			}
		},
		"node_modules/@uiw/codemirror-theme-aura": {
			"version": "4.22.2",
			"resolved": "https://registry.npmjs.org/@uiw/codemirror-theme-aura/-/codemirror-theme-aura-4.22.2.tgz",
			"integrity": "sha512-/womOFwkrDFxKzqe13YZCtUmtljYeaYABpsDEyrJZnhtgW26i71tX4laDoI58DE9yuiyiAfgxWSDZhvmK/1mUA==",
			"dependencies": {
				"@uiw/codemirror-themes": "4.22.2"
			},
			"funding": {
				"url": "https://jaywcjlove.github.io/#/sponsor"
			}
		},
		"node_modules/@uiw/codemirror-theme-darcula": {
			"version": "4.22.2",
			"resolved": "https://registry.npmjs.org/@uiw/codemirror-theme-darcula/-/codemirror-theme-darcula-4.22.2.tgz",
			"integrity": "sha512-YF3LTTc1Rus3atNuFvkLsZvhdtxRwGEAOcEGknu7by5jzZxLPHpDLzAF9VFOIKg6j/KBZ2RNmMicVTjrB8LXHg==",
			"dependencies": {
				"@uiw/codemirror-themes": "4.22.2"
			},
			"funding": {
				"url": "https://jaywcjlove.github.io/#/sponsor"
			}
		},
		"node_modules/@uiw/codemirror-theme-github": {
			"version": "4.22.2",
			"resolved": "https://registry.npmjs.org/@uiw/codemirror-theme-github/-/codemirror-theme-github-4.22.2.tgz",
			"integrity": "sha512-tqGOOgVzbStJWUQmMLRWyymyD3DPF4TUSJx2DcXpeCF3YStWMd957I26uQQaqR1ppAcWFsprjkl2oL3piBxFdA==",
			"dependencies": {
				"@uiw/codemirror-themes": "4.22.2"
			},
			"funding": {
				"url": "https://jaywcjlove.github.io/#/sponsor"
			}
		},
		"node_modules/@uiw/codemirror-themes": {
			"version": "4.22.2",
			"resolved": "https://registry.npmjs.org/@uiw/codemirror-themes/-/codemirror-themes-4.22.2.tgz",
			"integrity": "sha512-gsLHn6SUuV5iboBvGrM7YimzLFHQmsNlkGIYs3UaVUJTo/A/ZrKoSJNyPziShLRjBXA2UwKdBTIU6VhHyyaChw==",
			"dependencies": {
				"@codemirror/language": "^6.0.0",
				"@codemirror/state": "^6.0.0",
				"@codemirror/view": "^6.0.0"
			},
			"funding": {
				"url": "https://jaywcjlove.github.io/#/sponsor"
			},
			"peerDependencies": {
				"@codemirror/language": ">=6.0.0",
				"@codemirror/state": ">=6.0.0",
				"@codemirror/view": ">=6.0.0"
			}
		},
		"node_modules/@uiw/react-codemirror": {
			"version": "4.22.2",
			"resolved": "https://registry.npmjs.org/@uiw/react-codemirror/-/react-codemirror-4.22.2.tgz",
			"integrity": "sha512-okCSl+WJG63gRx8Fdz7v0C6RakBQnbb3pHhuzIgDB+fwhipgFodSnu2n9oOsQesJ5YQ7mSOcKMgX0JEsu4nnfQ==",
			"dependencies": {
				"@babel/runtime": "^7.18.6",
				"@codemirror/commands": "^6.1.0",
				"@codemirror/state": "^6.1.1",
				"@codemirror/theme-one-dark": "^6.0.0",
				"@uiw/codemirror-extensions-basic-setup": "4.22.2",
				"codemirror": "^6.0.0"
			},
			"funding": {
				"url": "https://jaywcjlove.github.io/#/sponsor"
			},
			"peerDependencies": {
				"@babel/runtime": ">=7.11.0",
				"@codemirror/state": ">=6.0.0",
				"@codemirror/theme-one-dark": ">=6.0.0",
				"@codemirror/view": ">=6.0.0",
				"codemirror": ">=6.0.0",
				"react": ">=16.8.0",
				"react-dom": ">=16.8.0"
			}
		},
		"node_modules/@vitejs/plugin-react": {
			"version": "2.2.0",
			"dev": true,
			"license": "MIT",
			"dependencies": {
				"@babel/core": "^7.19.6",
				"@babel/plugin-transform-react-jsx": "^7.19.0",
				"@babel/plugin-transform-react-jsx-development": "^7.18.6",
				"@babel/plugin-transform-react-jsx-self": "^7.18.6",
				"@babel/plugin-transform-react-jsx-source": "^7.19.6",
				"magic-string": "^0.26.7",
				"react-refresh": "^0.14.0"
			},
			"engines": {
				"node": "^14.18.0 || >=16.0.0"
			},
			"peerDependencies": {
				"vite": "^3.0.0"
			}
		},
		"node_modules/ansi-styles": {
			"version": "3.2.1",
			"dev": true,
			"license": "MIT",
			"dependencies": {
				"color-convert": "^1.9.0"
			},
			"engines": {
				"node": ">=4"
			}
		},
		"node_modules/anymatch": {
			"version": "3.1.3",
			"dev": true,
			"license": "ISC",
			"dependencies": {
				"normalize-path": "^3.0.0",
				"picomatch": "^2.0.4"
			},
			"engines": {
				"node": ">= 8"
			}
		},
		"node_modules/asynckit": {
			"version": "0.4.0",
			"license": "MIT"
		},
		"node_modules/axios": {
			"version": "1.7.4",
			"resolved": "https://registry.npmjs.org/axios/-/axios-1.7.4.tgz",
			"integrity": "sha512-DukmaFRnY6AzAALSH4J2M3k6PkaC+MfaAGdEERRWcC9q3/TWQwLpHR8ZRLKTdQ3aBDL64EdluRDjJqKw+BPZEw==",
			"dependencies": {
				"follow-redirects": "^1.15.6",
				"form-data": "^4.0.0",
				"proxy-from-env": "^1.1.0"
			}
		},
		"node_modules/binary-extensions": {
			"version": "2.2.0",
			"dev": true,
			"license": "MIT",
			"engines": {
				"node": ">=8"
			}
		},
		"node_modules/braces": {
			"version": "3.0.3",
			"resolved": "https://registry.npmjs.org/braces/-/braces-3.0.3.tgz",
			"integrity": "sha512-yQbXgO/OSZVD2IsiLlro+7Hf6Q18EJrKSEsdoMzKePKXct3gvD8oLcOQdIzGupr5Fj+EDe8gO/lxc1BzfMpxvA==",
			"dev": true,
			"dependencies": {
				"fill-range": "^7.1.1"
			},
			"engines": {
				"node": ">=8"
			}
		},
		"node_modules/browserslist": {
			"version": "4.21.9",
			"dev": true,
			"funding": [
				{
					"type": "opencollective",
					"url": "https://opencollective.com/browserslist"
				},
				{
					"type": "tidelift",
					"url": "https://tidelift.com/funding/github/npm/browserslist"
				},
				{
					"type": "github",
					"url": "https://github.com/sponsors/ai"
				}
			],
			"license": "MIT",
			"dependencies": {
				"caniuse-lite": "^1.0.30001503",
				"electron-to-chromium": "^1.4.431",
				"node-releases": "^2.0.12",
				"update-browserslist-db": "^1.0.11"
			},
			"bin": {
				"browserslist": "cli.js"
			},
			"engines": {
				"node": "^6 || ^7 || ^8 || ^9 || ^10 || ^11 || ^12 || >=13.7"
			}
		},
		"node_modules/caniuse-lite": {
			"version": "1.0.30001514",
			"dev": true,
			"funding": [
				{
					"type": "opencollective",
					"url": "https://opencollective.com/browserslist"
				},
				{
					"type": "tidelift",
					"url": "https://tidelift.com/funding/github/npm/caniuse-lite"
				},
				{
					"type": "github",
					"url": "https://github.com/sponsors/ai"
				}
			],
			"license": "CC-BY-4.0"
		},
		"node_modules/chalk": {
			"version": "2.4.2",
			"dev": true,
			"license": "MIT",
			"dependencies": {
				"ansi-styles": "^3.2.1",
				"escape-string-regexp": "^1.0.5",
				"supports-color": "^5.3.0"
			},
			"engines": {
				"node": ">=4"
			}
		},
		"node_modules/chokidar": {
			"version": "3.5.3",
			"dev": true,
			"funding": [
				{
					"type": "individual",
					"url": "https://paulmillr.com/funding/"
				}
			],
			"license": "MIT",
			"dependencies": {
				"anymatch": "~3.1.2",
				"braces": "~3.0.2",
				"glob-parent": "~5.1.2",
				"is-binary-path": "~2.1.0",
				"is-glob": "~4.0.1",
				"normalize-path": "~3.0.0",
				"readdirp": "~3.6.0"
			},
			"engines": {
				"node": ">= 8.10.0"
			},
			"optionalDependencies": {
				"fsevents": "~2.3.2"
			}
		},
		"node_modules/codemirror": {
			"version": "6.0.1",
			"resolved": "https://registry.npmjs.org/codemirror/-/codemirror-6.0.1.tgz",
			"integrity": "sha512-J8j+nZ+CdWmIeFIGXEFbFPtpiYacFMDR8GlHK3IyHQJMCaVRfGx9NT+Hxivv1ckLWPvNdZqndbr/7lVhrf/Svg==",
			"dependencies": {
				"@codemirror/autocomplete": "^6.0.0",
				"@codemirror/commands": "^6.0.0",
				"@codemirror/language": "^6.0.0",
				"@codemirror/lint": "^6.0.0",
				"@codemirror/search": "^6.0.0",
				"@codemirror/state": "^6.0.0",
				"@codemirror/view": "^6.0.0"
			}
		},
		"node_modules/color-convert": {
			"version": "1.9.3",
			"dev": true,
			"license": "MIT",
			"dependencies": {
				"color-name": "1.1.3"
			}
		},
		"node_modules/color-name": {
			"version": "1.1.3",
			"dev": true,
			"license": "MIT"
		},
		"node_modules/combined-stream": {
			"version": "1.0.8",
			"license": "MIT",
			"dependencies": {
				"delayed-stream": "~1.0.0"
			},
			"engines": {
				"node": ">= 0.8"
			}
		},
		"node_modules/convert-source-map": {
			"version": "1.9.0",
			"dev": true,
			"license": "MIT"
		},
		"node_modules/crelt": {
			"version": "1.0.6",
			"resolved": "https://registry.npmjs.org/crelt/-/crelt-1.0.6.tgz",
			"integrity": "sha512-VQ2MBenTq1fWZUH9DJNGti7kKv6EeAuYr3cLwxUWhIu1baTaXh4Ib5W2CqHVqib4/MqbYGJqiL3Zb8GJZr3l4g=="
		},
		"node_modules/csstype": {
			"version": "3.1.2",
			"license": "MIT"
		},
		"node_modules/dayjs": {
			"version": "1.11.10",
			"resolved": "https://registry.npmjs.org/dayjs/-/dayjs-1.11.10.tgz",
			"integrity": "sha512-vjAczensTgRcqDERK0SR2XMwsF/tSvnvlv6VcF2GIhg6Sx4yOIt/irsr1RDJsKiIyBzJDpCoXiWWq28MqH2cnQ=="
		},
		"node_modules/debug": {
			"version": "4.3.4",
			"dev": true,
			"license": "MIT",
			"dependencies": {
				"ms": "2.1.2"
			},
			"engines": {
				"node": ">=6.0"
			},
			"peerDependenciesMeta": {
				"supports-color": {
					"optional": true
				}
			}
		},
		"node_modules/delayed-stream": {
			"version": "1.0.0",
			"license": "MIT",
			"engines": {
				"node": ">=0.4.0"
			}
		},
		"node_modules/electron-to-chromium": {
			"version": "1.4.454",
			"dev": true,
			"license": "ISC"
		},
		"node_modules/esbuild": {
			"version": "0.15.18",
			"dev": true,
			"hasInstallScript": true,
			"license": "MIT",
			"bin": {
				"esbuild": "bin/esbuild"
			},
			"engines": {
				"node": ">=12"
			},
			"optionalDependencies": {
				"@esbuild/android-arm": "0.15.18",
				"@esbuild/linux-loong64": "0.15.18",
				"esbuild-android-64": "0.15.18",
				"esbuild-android-arm64": "0.15.18",
				"esbuild-darwin-64": "0.15.18",
				"esbuild-darwin-arm64": "0.15.18",
				"esbuild-freebsd-64": "0.15.18",
				"esbuild-freebsd-arm64": "0.15.18",
				"esbuild-linux-32": "0.15.18",
				"esbuild-linux-64": "0.15.18",
				"esbuild-linux-arm": "0.15.18",
				"esbuild-linux-arm64": "0.15.18",
				"esbuild-linux-mips64le": "0.15.18",
				"esbuild-linux-ppc64le": "0.15.18",
				"esbuild-linux-riscv64": "0.15.18",
				"esbuild-linux-s390x": "0.15.18",
				"esbuild-netbsd-64": "0.15.18",
				"esbuild-openbsd-64": "0.15.18",
				"esbuild-sunos-64": "0.15.18",
				"esbuild-windows-32": "0.15.18",
				"esbuild-windows-64": "0.15.18",
				"esbuild-windows-arm64": "0.15.18"
			}
		},
		"node_modules/esbuild-linux-64": {
			"version": "0.15.18",
			"cpu": [
				"x64"
			],
			"dev": true,
			"license": "MIT",
			"optional": true,
			"os": [
				"linux"
			],
			"engines": {
				"node": ">=12"
			}
		},
		"node_modules/escalade": {
			"version": "3.1.1",
			"dev": true,
			"license": "MIT",
			"engines": {
				"node": ">=6"
			}
		},
		"node_modules/escape-string-regexp": {
			"version": "1.0.5",
			"dev": true,
			"license": "MIT",
			"engines": {
				"node": ">=0.8.0"
			}
		},
		"node_modules/fill-range": {
			"version": "7.1.1",
			"resolved": "https://registry.npmjs.org/fill-range/-/fill-range-7.1.1.tgz",
			"integrity": "sha512-YsGpe3WHLK8ZYi4tWDg2Jy3ebRz2rXowDxnld4bkQB00cc/1Zw9AWnC0i9ztDJitivtQvaI9KaLyKrc+hBW0yg==",
			"dev": true,
			"dependencies": {
				"to-regex-range": "^5.0.1"
			},
			"engines": {
				"node": ">=8"
			}
		},
		"node_modules/follow-redirects": {
			"version": "1.15.6",
			"resolved": "https://registry.npmjs.org/follow-redirects/-/follow-redirects-1.15.6.tgz",
			"integrity": "sha512-wWN62YITEaOpSK584EZXJafH1AGpO8RVgElfkuXbTOrPX4fIfOyEpW/CsiNd8JdYrAoOvafRTOEnvsO++qCqFA==",
			"funding": [
				{
					"type": "individual",
					"url": "https://github.com/sponsors/RubenVerborgh"
				}
			],
			"engines": {
				"node": ">=4.0"
			},
			"peerDependenciesMeta": {
				"debug": {
					"optional": true
				}
			}
		},
		"node_modules/form-data": {
			"version": "4.0.0",
			"license": "MIT",
			"dependencies": {
				"asynckit": "^0.4.0",
				"combined-stream": "^1.0.8",
				"mime-types": "^2.1.12"
			},
			"engines": {
				"node": ">= 6"
			}
		},
		"node_modules/fsevents": {
			"version": "2.3.3",
			"resolved": "https://registry.npmjs.org/fsevents/-/fsevents-2.3.3.tgz",
			"integrity": "sha512-5xoDfX+fL7faATnagmWPpbFtwh/R77WmMMqqHGS65C3vvB0YHrgF+B1YmZ3441tMj5n63k0212XNoJwzlhffQw==",
			"dev": true,
			"hasInstallScript": true,
			"optional": true,
			"os": [
				"darwin"
			],
			"engines": {
				"node": "^8.16.0 || ^10.6.0 || >=11.0.0"
			}
		},
		"node_modules/function-bind": {
			"version": "1.1.1",
			"dev": true,
			"license": "MIT"
		},
		"node_modules/gensync": {
			"version": "1.0.0-beta.2",
			"dev": true,
			"license": "MIT",
			"engines": {
				"node": ">=6.9.0"
			}
		},
		"node_modules/glob-parent": {
			"version": "5.1.2",
			"dev": true,
			"license": "ISC",
			"dependencies": {
				"is-glob": "^4.0.1"
			},
			"engines": {
				"node": ">= 6"
			}
		},
		"node_modules/globals": {
			"version": "11.12.0",
			"dev": true,
			"license": "MIT",
			"engines": {
				"node": ">=4"
			}
		},
		"node_modules/goober": {
			"version": "2.1.13",
			"license": "MIT",
			"peerDependencies": {
				"csstype": "^3.0.10"
			}
		},
		"node_modules/has": {
			"version": "1.0.3",
			"dev": true,
			"license": "MIT",
			"dependencies": {
				"function-bind": "^1.1.1"
			},
			"engines": {
				"node": ">= 0.4.0"
			}
		},
		"node_modules/has-flag": {
			"version": "3.0.0",
			"dev": true,
			"license": "MIT",
			"engines": {
				"node": ">=4"
			}
		},
		"node_modules/immutable": {
			"version": "4.3.0",
			"dev": true,
			"license": "MIT"
		},
		"node_modules/is-binary-path": {
			"version": "2.1.0",
			"dev": true,
			"license": "MIT",
			"dependencies": {
				"binary-extensions": "^2.0.0"
			},
			"engines": {
				"node": ">=8"
			}
		},
		"node_modules/is-core-module": {
			"version": "2.12.1",
			"dev": true,
			"license": "MIT",
			"dependencies": {
				"has": "^1.0.3"
			},
			"funding": {
				"url": "https://github.com/sponsors/ljharb"
			}
		},
		"node_modules/is-extglob": {
			"version": "2.1.1",
			"dev": true,
			"license": "MIT",
			"engines": {
				"node": ">=0.10.0"
			}
		},
		"node_modules/is-glob": {
			"version": "4.0.3",
			"dev": true,
			"license": "MIT",
			"dependencies": {
				"is-extglob": "^2.1.1"
			},
			"engines": {
				"node": ">=0.10.0"
			}
		},
		"node_modules/is-number": {
			"version": "7.0.0",
			"resolved": "https://registry.npmjs.org/is-number/-/is-number-7.0.0.tgz",
			"integrity": "sha512-41Cifkg6e8TylSpdtTpeLVMqvSBEVzTttHvERD741+pnZ8ANv0004MRL43QKPDlK9cGvNp6NZWZUBlbGXYxxng==",
			"dev": true,
			"engines": {
				"node": ">=0.12.0"
			}
		},
		"node_modules/js-tokens": {
			"version": "4.0.0",
			"license": "MIT"
		},
		"node_modules/jsesc": {
			"version": "2.5.2",
			"dev": true,
			"license": "MIT",
			"bin": {
				"jsesc": "bin/jsesc"
			},
			"engines": {
				"node": ">=4"
			}
		},
		"node_modules/json5": {
			"version": "2.2.3",
			"dev": true,
			"license": "MIT",
			"bin": {
				"json5": "lib/cli.js"
			},
			"engines": {
				"node": ">=6"
			}
		},
		"node_modules/loose-envify": {
			"version": "1.4.0",
			"license": "MIT",
			"dependencies": {
				"js-tokens": "^3.0.0 || ^4.0.0"
			},
			"bin": {
				"loose-envify": "cli.js"
			}
		},
		"node_modules/lru-cache": {
			"version": "5.1.1",
			"dev": true,
			"license": "ISC",
			"dependencies": {
				"yallist": "^3.0.2"
			}
		},
		"node_modules/magic-string": {
			"version": "0.26.7",
			"dev": true,
			"license": "MIT",
			"dependencies": {
				"sourcemap-codec": "^1.4.8"
			},
			"engines": {
				"node": ">=12"
			}
		},
		"node_modules/mime-db": {
			"version": "1.52.0",
			"license": "MIT",
			"engines": {
				"node": ">= 0.6"
			}
		},
		"node_modules/mime-types": {
			"version": "2.1.35",
			"license": "MIT",
			"dependencies": {
				"mime-db": "1.52.0"
			},
			"engines": {
				"node": ">= 0.6"
			}
		},
		"node_modules/ms": {
			"version": "2.1.2",
			"dev": true,
			"license": "MIT"
		},
		"node_modules/nanoid": {
			"version": "3.3.6",
			"dev": true,
			"funding": [
				{
					"type": "github",
					"url": "https://github.com/sponsors/ai"
				}
			],
			"license": "MIT",
			"bin": {
				"nanoid": "bin/nanoid.cjs"
			},
			"engines": {
				"node": "^10 || ^12 || ^13.7 || ^14 || >=15.0.1"
			}
		},
		"node_modules/node-releases": {
			"version": "2.0.13",
			"dev": true,
			"license": "MIT"
		},
		"node_modules/normalize-path": {
			"version": "3.0.0",
			"dev": true,
			"license": "MIT",
			"engines": {
				"node": ">=0.10.0"
			}
		},
		"node_modules/object-assign": {
			"version": "4.1.1",
			"license": "MIT",
			"engines": {
				"node": ">=0.10.0"
			}
		},
		"node_modules/path-parse": {
			"version": "1.0.7",
			"dev": true,
			"license": "MIT"
		},
		"node_modules/picocolors": {
			"version": "1.0.0",
			"dev": true,
			"license": "ISC"
		},
		"node_modules/picomatch": {
			"version": "2.3.1",
			"dev": true,
			"license": "MIT",
			"engines": {
				"node": ">=8.6"
			},
			"funding": {
				"url": "https://github.com/sponsors/jonschlinkert"
			}
		},
		"node_modules/postcss": {
			"version": "8.4.31",
			"dev": true,
			"funding": [
				{
					"type": "opencollective",
					"url": "https://opencollective.com/postcss/"
				},
				{
					"type": "tidelift",
					"url": "https://tidelift.com/funding/github/npm/postcss"
				},
				{
					"type": "github",
					"url": "https://github.com/sponsors/ai"
				}
			],
			"license": "MIT",
			"dependencies": {
				"nanoid": "^3.3.6",
				"picocolors": "^1.0.0",
				"source-map-js": "^1.0.2"
			},
			"engines": {
				"node": "^10 || ^12 || >=14"
			}
		},
		"node_modules/prop-types": {
			"version": "15.8.1",
			"license": "MIT",
			"dependencies": {
				"loose-envify": "^1.4.0",
				"object-assign": "^4.1.1",
				"react-is": "^16.13.1"
			}
		},
		"node_modules/proxy-from-env": {
			"version": "1.1.0",
			"license": "MIT"
		},
		"node_modules/qr.js": {
			"version": "0.0.0",
			"license": "MIT"
		},
		"node_modules/react": {
			"version": "18.2.0",
			"license": "MIT",
			"dependencies": {
				"loose-envify": "^1.1.0"
			},
			"engines": {
				"node": ">=0.10.0"
			}
		},
		"node_modules/react-dom": {
			"version": "18.2.0",
			"license": "MIT",
			"dependencies": {
				"loose-envify": "^1.1.0",
				"scheduler": "^0.23.0"
			},
			"peerDependencies": {
				"react": "^18.2.0"
			}
		},
		"node_modules/react-hot-toast": {
			"version": "2.4.1",
			"license": "MIT",
			"dependencies": {
				"goober": "^2.1.10"
			},
			"engines": {
				"node": ">=10"
			},
			"peerDependencies": {
				"react": ">=16",
				"react-dom": ">=16"
			}
		},
		"node_modules/react-is": {
			"version": "16.13.1",
			"license": "MIT"
		},
		"node_modules/react-qr-code": {
			"version": "2.0.11",
			"license": "MIT",
			"dependencies": {
				"prop-types": "^15.8.1",
				"qr.js": "0.0.0"
			},
			"peerDependencies": {
				"react": "^16.x || ^17.x || ^18.x",
				"react-native-svg": "*"
			},
			"peerDependenciesMeta": {
				"react-native-svg": {
					"optional": true
				}
			}
		},
		"node_modules/react-refresh": {
			"version": "0.14.0",
			"dev": true,
			"license": "MIT",
			"engines": {
				"node": ">=0.10.0"
			}
		},
		"node_modules/react-router": {
			"version": "6.14.1",
			"license": "MIT",
			"dependencies": {
				"@remix-run/router": "1.7.1"
			},
			"engines": {
				"node": ">=14"
			},
			"peerDependencies": {
				"react": ">=16.8"
			}
		},
		"node_modules/react-router-dom": {
			"version": "6.14.1",
			"license": "MIT",
			"dependencies": {
				"@remix-run/router": "1.7.1",
				"react-router": "6.14.1"
			},
			"engines": {
				"node": ">=14"
			},
			"peerDependencies": {
				"react": ">=16.8",
				"react-dom": ">=16.8"
			}
		},
		"node_modules/react-spinners": {
			"version": "0.13.8",
			"license": "MIT",
			"peerDependencies": {
				"react": "^16.0.0 || ^17.0.0 || ^18.0.0",
				"react-dom": "^16.0.0 || ^17.0.0 || ^18.0.0"
			}
		},
		"node_modules/readdirp": {
			"version": "3.6.0",
			"dev": true,
			"license": "MIT",
			"dependencies": {
				"picomatch": "^2.2.1"
			},
			"engines": {
				"node": ">=8.10.0"
			}
		},
		"node_modules/regenerator-runtime": {
			"version": "0.14.1",
			"resolved": "https://registry.npmjs.org/regenerator-runtime/-/regenerator-runtime-0.14.1.tgz",
			"integrity": "sha512-dYnhHh0nJoMfnkZs6GmmhFknAGRrLznOu5nc9ML+EJxGvrx6H7teuevqVqCuPcPK//3eDrrjQhehXVx9cnkGdw=="
		},
		"node_modules/resolve": {
			"version": "1.22.2",
			"dev": true,
			"license": "MIT",
			"dependencies": {
				"is-core-module": "^2.11.0",
				"path-parse": "^1.0.7",
				"supports-preserve-symlinks-flag": "^1.0.0"
			},
			"bin": {
				"resolve": "bin/resolve"
			},
			"funding": {
				"url": "https://github.com/sponsors/ljharb"
			}
		},
		"node_modules/rollup": {
			"version": "2.79.1",
			"dev": true,
			"license": "MIT",
			"bin": {
				"rollup": "dist/bin/rollup"
			},
			"engines": {
				"node": ">=10.0.0"
			},
			"optionalDependencies": {
				"fsevents": "~2.3.2"
			}
		},
		"node_modules/sass": {
			"version": "1.63.6",
			"dev": true,
			"license": "MIT",
			"dependencies": {
				"chokidar": ">=3.0.0 <4.0.0",
				"immutable": "^4.0.0",
				"source-map-js": ">=0.6.2 <2.0.0"
			},
			"bin": {
				"sass": "sass.js"
			},
			"engines": {
				"node": ">=14.0.0"
			}
		},
		"node_modules/scheduler": {
			"version": "0.23.0",
			"license": "MIT",
			"dependencies": {
				"loose-envify": "^1.1.0"
			}
		},
		"node_modules/source-map-js": {
			"version": "1.0.2",
			"dev": true,
			"license": "BSD-3-Clause",
			"engines": {
				"node": ">=0.10.0"
			}
		},
		"node_modules/sourcemap-codec": {
			"version": "1.4.8",
			"dev": true,
			"license": "MIT"
		},
		"node_modules/style-mod": {
			"version": "4.1.2",
			"resolved": "https://registry.npmjs.org/style-mod/-/style-mod-4.1.2.tgz",
			"integrity": "sha512-wnD1HyVqpJUI2+eKZ+eo1UwghftP6yuFheBqqe+bWCotBjC2K1YnteJILRMs3SM4V/0dLEW1SC27MWP5y+mwmw=="
		},
		"node_modules/supports-color": {
			"version": "5.5.0",
			"dev": true,
			"license": "MIT",
			"dependencies": {
				"has-flag": "^3.0.0"
			},
			"engines": {
				"node": ">=4"
			}
		},
		"node_modules/supports-preserve-symlinks-flag": {
			"version": "1.0.0",
			"dev": true,
			"license": "MIT",
			"engines": {
				"node": ">= 0.4"
			},
			"funding": {
				"url": "https://github.com/sponsors/ljharb"
			}
		},
		"node_modules/to-fast-properties": {
			"version": "2.0.0",
			"dev": true,
			"license": "MIT",
			"engines": {
				"node": ">=4"
			}
		},
		"node_modules/to-regex-range": {
			"version": "5.0.1",
			"resolved": "https://registry.npmjs.org/to-regex-range/-/to-regex-range-5.0.1.tgz",
			"integrity": "sha512-65P7iz6X5yEr1cwcgvQxbbIw7Uk3gOy5dIdtZ4rDveLqhrdJP+Li/Hx6tyK0NEb+2GCyneCMJiGqrADCSNk8sQ==",
			"dev": true,
			"dependencies": {
				"is-number": "^7.0.0"
			},
			"engines": {
				"node": ">=8.0"
			}
		},
		"node_modules/update-browserslist-db": {
			"version": "1.0.11",
			"dev": true,
			"funding": [
				{
					"type": "opencollective",
					"url": "https://opencollective.com/browserslist"
				},
				{
					"type": "tidelift",
					"url": "https://tidelift.com/funding/github/npm/browserslist"
				},
				{
					"type": "github",
					"url": "https://github.com/sponsors/ai"
				}
			],
			"license": "MIT",
			"dependencies": {
				"escalade": "^3.1.1",
				"picocolors": "^1.0.0"
			},
			"bin": {
				"update-browserslist-db": "cli.js"
			},
			"peerDependencies": {
				"browserslist": ">= 4.21.0"
			}
		},
		"node_modules/uuid": {
			"version": "9.0.0",
			"license": "MIT",
			"bin": {
				"uuid": "dist/bin/uuid"
			}
		},
		"node_modules/vite": {
			"version": "3.2.10",
			"resolved": "https://registry.npmjs.org/vite/-/vite-3.2.10.tgz",
			"integrity": "sha512-Dx3olBo/ODNiMVk/cA5Yft9Ws+snLOXrhLtrI3F4XLt4syz2Yg8fayZMWScPKoz12v5BUv7VEmQHnsfpY80fYw==",
			"dev": true,
			"dependencies": {
				"esbuild": "^0.15.9",
				"postcss": "^8.4.18",
				"resolve": "^1.22.1",
				"rollup": "^2.79.1"
			},
			"bin": {
				"vite": "bin/vite.js"
			},
			"engines": {
				"node": "^14.18.0 || >=16.0.0"
			},
			"optionalDependencies": {
				"fsevents": "~2.3.2"
			},
			"peerDependencies": {
				"@types/node": ">= 14",
				"less": "*",
				"sass": "*",
				"stylus": "*",
				"sugarss": "*",
				"terser": "^5.4.0"
			},
			"peerDependenciesMeta": {
				"@types/node": {
					"optional": true
				},
				"less": {
					"optional": true
				},
				"sass": {
					"optional": true
				},
				"stylus": {
					"optional": true
				},
				"sugarss": {
					"optional": true
				},
				"terser": {
					"optional": true
				}
			}
		},
		"node_modules/w3c-keyname": {
			"version": "2.2.8",
			"resolved": "https://registry.npmjs.org/w3c-keyname/-/w3c-keyname-2.2.8.tgz",
			"integrity": "sha512-dpojBhNsCNN7T82Tm7k26A6G9ML3NkhDsnw9n/eoxSRlVBB4CEtIQ/KTCLI2Fwf3ataSXRhYFkQi3SlnFwPvPQ=="
		},
		"node_modules/yallist": {
			"version": "3.1.1",
			"dev": true,
			"license": "ISC"
		}
	}
}
